// !$*UTF8*$!
{
	archiveVersion = 1;
	classes = {
	};
	objectVersion = 46;
	objects = {

/* Begin PBXBuildFile section */
		0548DE9119C0E07E00DC2523 /* TWTSideMenuViewController.m in Sources */ = {isa = PBXBuildFile; fileRef = 0548DE9019C0E07E00DC2523 /* TWTSideMenuViewController.m */; };
		0548DEAF19C0E88A00DC2523 /* JSONModel.m in Sources */ = {isa = PBXBuildFile; fileRef = 0548DE9819C0E88A00DC2523 /* JSONModel.m */; };
		0548DEB019C0E88A00DC2523 /* JSONModelArray.m in Sources */ = {isa = PBXBuildFile; fileRef = 0548DE9A19C0E88A00DC2523 /* JSONModelArray.m */; };
		0548DEB119C0E88A00DC2523 /* JSONModelClassProperty.m in Sources */ = {isa = PBXBuildFile; fileRef = 0548DE9C19C0E88A00DC2523 /* JSONModelClassProperty.m */; };
		0548DEB219C0E88A00DC2523 /* JSONModelError.m in Sources */ = {isa = PBXBuildFile; fileRef = 0548DE9E19C0E88A00DC2523 /* JSONModelError.m */; };
		0548DEB319C0E88A00DC2523 /* NSArray+JSONModel.m in Sources */ = {isa = PBXBuildFile; fileRef = 0548DEA119C0E88A00DC2523 /* NSArray+JSONModel.m */; };
		0548DEB419C0E88A00DC2523 /* JSONAPI.m in Sources */ = {isa = PBXBuildFile; fileRef = 0548DEA519C0E88A00DC2523 /* JSONAPI.m */; };
		0548DEB519C0E88A00DC2523 /* JSONHTTPClient.m in Sources */ = {isa = PBXBuildFile; fileRef = 0548DEA719C0E88A00DC2523 /* JSONHTTPClient.m */; };
		0548DEB619C0E88A00DC2523 /* JSONModel+networking.m in Sources */ = {isa = PBXBuildFile; fileRef = 0548DEA919C0E88A00DC2523 /* JSONModel+networking.m */; };
		0548DEB719C0E88A00DC2523 /* JSONKeyMapper.m in Sources */ = {isa = PBXBuildFile; fileRef = 0548DEAC19C0E88A00DC2523 /* JSONKeyMapper.m */; };
		0548DEB819C0E88A00DC2523 /* JSONValueTransformer.m in Sources */ = {isa = PBXBuildFile; fileRef = 0548DEAE19C0E88A00DC2523 /* JSONValueTransformer.m */; };
		0548DEC219C0EDB400DC2523 /* btnCheck.png in Resources */ = {isa = PBXBuildFile; fileRef = 0548DEBC19C0EDB400DC2523 /* btnCheck.png */; };
		0548DEC319C0EDB400DC2523 /* btnCheck@2x.png in Resources */ = {isa = PBXBuildFile; fileRef = 0548DEBD19C0EDB400DC2523 /* btnCheck@2x.png */; };
		0548DEC419C0EDB400DC2523 /* HUD.m in Sources */ = {isa = PBXBuildFile; fileRef = 0548DEBF19C0EDB400DC2523 /* HUD.m */; };
		0548DEC519C0EDB400DC2523 /* MBProgressHUD.m in Sources */ = {isa = PBXBuildFile; fileRef = 0548DEC119C0EDB400DC2523 /* MBProgressHUD.m */; };
		0548DEC919C0EEFE00DC2523 /* Contact.m in Sources */ = {isa = PBXBuildFile; fileRef = 0548DEC819C0EEFE00DC2523 /* Contact.m */; };
		056D60C419D0FF9F003252C2 /* RFYCustomSegue.m in Sources */ = {isa = PBXBuildFile; fileRef = 056D60C319D0FF9F003252C2 /* RFYCustomSegue.m */; };
		056D60C719D12807003252C2 /* RFYCustomUnwindSegue.m in Sources */ = {isa = PBXBuildFile; fileRef = 056D60C619D12807003252C2 /* RFYCustomUnwindSegue.m */; };
		0583739319C0DF4000401ED0 /* Foundation.framework in Frameworks */ = {isa = PBXBuildFile; fileRef = 0583739219C0DF4000401ED0 /* Foundation.framework */; };
		0583739519C0DF4000401ED0 /* CoreGraphics.framework in Frameworks */ = {isa = PBXBuildFile; fileRef = 0583739419C0DF4000401ED0 /* CoreGraphics.framework */; };
		0583739719C0DF4000401ED0 /* UIKit.framework in Frameworks */ = {isa = PBXBuildFile; fileRef = 0583739619C0DF4000401ED0 /* UIKit.framework */; };
		0583739D19C0DF4000401ED0 /* InfoPlist.strings in Resources */ = {isa = PBXBuildFile; fileRef = 0583739B19C0DF4000401ED0 /* InfoPlist.strings */; };
		0583739F19C0DF4000401ED0 /* main.m in Sources */ = {isa = PBXBuildFile; fileRef = 0583739E19C0DF4000401ED0 /* main.m */; };
		058373A319C0DF4000401ED0 /* RFYAppDelegate.m in Sources */ = {isa = PBXBuildFile; fileRef = 058373A219C0DF4000401ED0 /* RFYAppDelegate.m */; };
		058373A619C0DF4000401ED0 /* Main.storyboard in Resources */ = {isa = PBXBuildFile; fileRef = 058373A419C0DF4000401ED0 /* Main.storyboard */; };
		058373A919C0DF4000401ED0 /* RFYMasterViewController.m in Sources */ = {isa = PBXBuildFile; fileRef = 058373A819C0DF4000401ED0 /* RFYMasterViewController.m */; };
		058373AC19C0DF4000401ED0 /* RFYDetailViewController.m in Sources */ = {isa = PBXBuildFile; fileRef = 058373AB19C0DF4000401ED0 /* RFYDetailViewController.m */; };
		058373AE19C0DF4000401ED0 /* Images.xcassets in Resources */ = {isa = PBXBuildFile; fileRef = 058373AD19C0DF4000401ED0 /* Images.xcassets */; };
		058373B519C0DF4000401ED0 /* XCTest.framework in Frameworks */ = {isa = PBXBuildFile; fileRef = 058373B419C0DF4000401ED0 /* XCTest.framework */; };
		058373B619C0DF4000401ED0 /* Foundation.framework in Frameworks */ = {isa = PBXBuildFile; fileRef = 0583739219C0DF4000401ED0 /* Foundation.framework */; };
		058373B719C0DF4000401ED0 /* UIKit.framework in Frameworks */ = {isa = PBXBuildFile; fileRef = 0583739619C0DF4000401ED0 /* UIKit.framework */; };
		058373BF19C0DF4000401ED0 /* InfoPlist.strings in Resources */ = {isa = PBXBuildFile; fileRef = 058373BD19C0DF4000401ED0 /* InfoPlist.strings */; };
		058373C119C0DF4000401ED0 /* RfyTrialAppTests.m in Sources */ = {isa = PBXBuildFile; fileRef = 058373C019C0DF4000401ED0 /* RfyTrialAppTests.m */; };
/* End PBXBuildFile section */

/* Begin PBXContainerItemProxy section */
		058373B819C0DF4000401ED0 /* PBXContainerItemProxy */ = {
			isa = PBXContainerItemProxy;
			containerPortal = 0583738719C0DF4000401ED0 /* Project object */;
			proxyType = 1;
			remoteGlobalIDString = 0583738E19C0DF4000401ED0;
			remoteInfo = RfyTrialApp;
		};
/* End PBXContainerItemProxy section */

/* Begin PBXFileReference section */
		0548DE8F19C0E07E00DC2523 /* TWTSideMenuViewController.h */ = {isa = PBXFileReference; fileEncoding = 4; lastKnownFileType = sourcecode.c.h; path = TWTSideMenuViewController.h; sourceTree = "<group>"; };
		0548DE9019C0E07E00DC2523 /* TWTSideMenuViewController.m */ = {isa = PBXFileReference; fileEncoding = 4; lastKnownFileType = sourcecode.c.objc; path = TWTSideMenuViewController.m; sourceTree = "<group>"; };
		0548DE9219C0E73100DC2523 /* Contact.h */ = {isa = PBXFileReference; fileEncoding = 4; lastKnownFileType = sourcecode.c.h; path = Contact.h; sourceTree = "<group>"; };
		0548DE9719C0E88A00DC2523 /* JSONModel.h */ = {isa = PBXFileReference; fileEncoding = 4; lastKnownFileType = sourcecode.c.h; path = JSONModel.h; sourceTree = "<group>"; };
		0548DE9819C0E88A00DC2523 /* JSONModel.m */ = {isa = PBXFileReference; fileEncoding = 4; lastKnownFileType = sourcecode.c.objc; path = JSONModel.m; sourceTree = "<group>"; };
		0548DE9919C0E88A00DC2523 /* JSONModelArray.h */ = {isa = PBXFileReference; fileEncoding = 4; lastKnownFileType = sourcecode.c.h; path = JSONModelArray.h; sourceTree = "<group>"; };
		0548DE9A19C0E88A00DC2523 /* JSONModelArray.m */ = {isa = PBXFileReference; fileEncoding = 4; lastKnownFileType = sourcecode.c.objc; path = JSONModelArray.m; sourceTree = "<group>"; };
		0548DE9B19C0E88A00DC2523 /* JSONModelClassProperty.h */ = {isa = PBXFileReference; fileEncoding = 4; lastKnownFileType = sourcecode.c.h; path = JSONModelClassProperty.h; sourceTree = "<group>"; };
		0548DE9C19C0E88A00DC2523 /* JSONModelClassProperty.m */ = {isa = PBXFileReference; fileEncoding = 4; lastKnownFileType = sourcecode.c.objc; path = JSONModelClassProperty.m; sourceTree = "<group>"; };
		0548DE9D19C0E88A00DC2523 /* JSONModelError.h */ = {isa = PBXFileReference; fileEncoding = 4; lastKnownFileType = sourcecode.c.h; path = JSONModelError.h; sourceTree = "<group>"; };
		0548DE9E19C0E88A00DC2523 /* JSONModelError.m */ = {isa = PBXFileReference; fileEncoding = 4; lastKnownFileType = sourcecode.c.objc; path = JSONModelError.m; sourceTree = "<group>"; };
		0548DEA019C0E88A00DC2523 /* NSArray+JSONModel.h */ = {isa = PBXFileReference; fileEncoding = 4; lastKnownFileType = sourcecode.c.h; path = "NSArray+JSONModel.h"; sourceTree = "<group>"; };
		0548DEA119C0E88A00DC2523 /* NSArray+JSONModel.m */ = {isa = PBXFileReference; fileEncoding = 4; lastKnownFileType = sourcecode.c.objc; path = "NSArray+JSONModel.m"; sourceTree = "<group>"; };
		0548DEA219C0E88A00DC2523 /* JSONModelLib.h */ = {isa = PBXFileReference; fileEncoding = 4; lastKnownFileType = sourcecode.c.h; path = JSONModelLib.h; sourceTree = "<group>"; };
		0548DEA419C0E88A00DC2523 /* JSONAPI.h */ = {isa = PBXFileReference; fileEncoding = 4; lastKnownFileType = sourcecode.c.h; path = JSONAPI.h; sourceTree = "<group>"; };
		0548DEA519C0E88A00DC2523 /* JSONAPI.m */ = {isa = PBXFileReference; fileEncoding = 4; lastKnownFileType = sourcecode.c.objc; path = JSONAPI.m; sourceTree = "<group>"; };
		0548DEA619C0E88A00DC2523 /* JSONHTTPClient.h */ = {isa = PBXFileReference; fileEncoding = 4; lastKnownFileType = sourcecode.c.h; path = JSONHTTPClient.h; sourceTree = "<group>"; };
		0548DEA719C0E88A00DC2523 /* JSONHTTPClient.m */ = {isa = PBXFileReference; fileEncoding = 4; lastKnownFileType = sourcecode.c.objc; path = JSONHTTPClient.m; sourceTree = "<group>"; };
		0548DEA819C0E88A00DC2523 /* JSONModel+networking.h */ = {isa = PBXFileReference; fileEncoding = 4; lastKnownFileType = sourcecode.c.h; path = "JSONModel+networking.h"; sourceTree = "<group>"; };
		0548DEA919C0E88A00DC2523 /* JSONModel+networking.m */ = {isa = PBXFileReference; fileEncoding = 4; lastKnownFileType = sourcecode.c.objc; path = "JSONModel+networking.m"; sourceTree = "<group>"; };
		0548DEAB19C0E88A00DC2523 /* JSONKeyMapper.h */ = {isa = PBXFileReference; fileEncoding = 4; lastKnownFileType = sourcecode.c.h; path = JSONKeyMapper.h; sourceTree = "<group>"; };
		0548DEAC19C0E88A00DC2523 /* JSONKeyMapper.m */ = {isa = PBXFileReference; fileEncoding = 4; lastKnownFileType = sourcecode.c.objc; path = JSONKeyMapper.m; sourceTree = "<group>"; };
		0548DEAD19C0E88A00DC2523 /* JSONValueTransformer.h */ = {isa = PBXFileReference; fileEncoding = 4; lastKnownFileType = sourcecode.c.h; path = JSONValueTransformer.h; sourceTree = "<group>"; };
		0548DEAE19C0E88A00DC2523 /* JSONValueTransformer.m */ = {isa = PBXFileReference; fileEncoding = 4; lastKnownFileType = sourcecode.c.objc; path = JSONValueTransformer.m; sourceTree = "<group>"; };
		0548DEBC19C0EDB400DC2523 /* btnCheck.png */ = {isa = PBXFileReference; lastKnownFileType = image.png; path = btnCheck.png; sourceTree = "<group>"; };
		0548DEBD19C0EDB400DC2523 /* btnCheck@2x.png */ = {isa = PBXFileReference; lastKnownFileType = image.png; path = "btnCheck@2x.png"; sourceTree = "<group>"; };
		0548DEBE19C0EDB400DC2523 /* HUD.h */ = {isa = PBXFileReference; fileEncoding = 4; lastKnownFileType = sourcecode.c.h; path = HUD.h; sourceTree = "<group>"; };
		0548DEBF19C0EDB400DC2523 /* HUD.m */ = {isa = PBXFileReference; fileEncoding = 4; lastKnownFileType = sourcecode.c.objc; path = HUD.m; sourceTree = "<group>"; };
		0548DEC019C0EDB400DC2523 /* MBProgressHUD.h */ = {isa = PBXFileReference; fileEncoding = 4; lastKnownFileType = sourcecode.c.h; path = MBProgressHUD.h; sourceTree = "<group>"; };
		0548DEC119C0EDB400DC2523 /* MBProgressHUD.m */ = {isa = PBXFileReference; fileEncoding = 4; lastKnownFileType = sourcecode.c.objc; path = MBProgressHUD.m; sourceTree = "<group>"; };
		0548DEC819C0EEFE00DC2523 /* Contact.m */ = {isa = PBXFileReference; fileEncoding = 4; lastKnownFileType = sourcecode.c.objc; path = Contact.m; sourceTree = "<group>"; };
		056D60C319D0FF9F003252C2 /* RFYCustomSegue.m */ = {isa = PBXFileReference; fileEncoding = 4; lastKnownFileType = sourcecode.c.objc; path = RFYCustomSegue.m; sourceTree = "<group>"; };
		056D60C519D0FFD4003252C2 /* RFYCustomSegue.h */ = {isa = PBXFileReference; lastKnownFileType = sourcecode.c.h; path = RFYCustomSegue.h; sourceTree = "<group>"; };
		056D60C619D12807003252C2 /* RFYCustomUnwindSegue.m */ = {isa = PBXFileReference; fileEncoding = 4; lastKnownFileType = sourcecode.c.objc; path = RFYCustomUnwindSegue.m; sourceTree = "<group>"; };
		056D60C819D1286D003252C2 /* RFYCustomUnwindSegue.h */ = {isa = PBXFileReference; lastKnownFileType = sourcecode.c.h; path = RFYCustomUnwindSegue.h; sourceTree = "<group>"; };
		0583738F19C0DF4000401ED0 /* RfyTrialApp.app */ = {isa = PBXFileReference; explicitFileType = wrapper.application; includeInIndex = 0; path = RfyTrialApp.app; sourceTree = BUILT_PRODUCTS_DIR; };
		0583739219C0DF4000401ED0 /* Foundation.framework */ = {isa = PBXFileReference; lastKnownFileType = wrapper.framework; name = Foundation.framework; path = System/Library/Frameworks/Foundation.framework; sourceTree = SDKROOT; };
		0583739419C0DF4000401ED0 /* CoreGraphics.framework */ = {isa = PBXFileReference; lastKnownFileType = wrapper.framework; name = CoreGraphics.framework; path = System/Library/Frameworks/CoreGraphics.framework; sourceTree = SDKROOT; };
		0583739619C0DF4000401ED0 /* UIKit.framework */ = {isa = PBXFileReference; lastKnownFileType = wrapper.framework; name = UIKit.framework; path = System/Library/Frameworks/UIKit.framework; sourceTree = SDKROOT; };
		0583739A19C0DF4000401ED0 /* RfyTrialApp-Info.plist */ = {isa = PBXFileReference; lastKnownFileType = text.plist.xml; path = "RfyTrialApp-Info.plist"; sourceTree = "<group>"; };
		0583739C19C0DF4000401ED0 /* en */ = {isa = PBXFileReference; lastKnownFileType = text.plist.strings; name = en; path = en.lproj/InfoPlist.strings; sourceTree = "<group>"; };
		0583739E19C0DF4000401ED0 /* main.m */ = {isa = PBXFileReference; lastKnownFileType = sourcecode.c.objc; path = main.m; sourceTree = "<group>"; };
		058373A019C0DF4000401ED0 /* RfyTrialApp-Prefix.pch */ = {isa = PBXFileReference; lastKnownFileType = sourcecode.c.h; path = "RfyTrialApp-Prefix.pch"; sourceTree = "<group>"; };
		058373A119C0DF4000401ED0 /* RFYAppDelegate.h */ = {isa = PBXFileReference; lastKnownFileType = sourcecode.c.h; path = RFYAppDelegate.h; sourceTree = "<group>"; };
		058373A219C0DF4000401ED0 /* RFYAppDelegate.m */ = {isa = PBXFileReference; lastKnownFileType = sourcecode.c.objc; path = RFYAppDelegate.m; sourceTree = "<group>"; };
		058373A519C0DF4000401ED0 /* Base */ = {isa = PBXFileReference; lastKnownFileType = file.storyboard; name = Base; path = Base.lproj/Main.storyboard; sourceTree = "<group>"; };
		058373A719C0DF4000401ED0 /* RFYMasterViewController.h */ = {isa = PBXFileReference; lastKnownFileType = sourcecode.c.h; path = RFYMasterViewController.h; sourceTree = "<group>"; };
		058373A819C0DF4000401ED0 /* RFYMasterViewController.m */ = {isa = PBXFileReference; lastKnownFileType = sourcecode.c.objc; path = RFYMasterViewController.m; sourceTree = "<group>"; };
		058373AA19C0DF4000401ED0 /* RFYDetailViewController.h */ = {isa = PBXFileReference; lastKnownFileType = sourcecode.c.h; path = RFYDetailViewController.h; sourceTree = "<group>"; };
		058373AB19C0DF4000401ED0 /* RFYDetailViewController.m */ = {isa = PBXFileReference; lastKnownFileType = sourcecode.c.objc; path = RFYDetailViewController.m; sourceTree = "<group>"; };
		058373AD19C0DF4000401ED0 /* Images.xcassets */ = {isa = PBXFileReference; lastKnownFileType = folder.assetcatalog; path = Images.xcassets; sourceTree = "<group>"; };
		058373B319C0DF4000401ED0 /* RfyTrialAppTests.xctest */ = {isa = PBXFileReference; explicitFileType = wrapper.cfbundle; includeInIndex = 0; path = RfyTrialAppTests.xctest; sourceTree = BUILT_PRODUCTS_DIR; };
		058373B419C0DF4000401ED0 /* XCTest.framework */ = {isa = PBXFileReference; lastKnownFileType = wrapper.framework; name = XCTest.framework; path = Library/Frameworks/XCTest.framework; sourceTree = DEVELOPER_DIR; };
		058373BC19C0DF4000401ED0 /* RfyTrialAppTests-Info.plist */ = {isa = PBXFileReference; lastKnownFileType = text.plist.xml; path = "RfyTrialAppTests-Info.plist"; sourceTree = "<group>"; };
		058373BE19C0DF4000401ED0 /* en */ = {isa = PBXFileReference; lastKnownFileType = text.plist.strings; name = en; path = en.lproj/InfoPlist.strings; sourceTree = "<group>"; };
		058373C019C0DF4000401ED0 /* RfyTrialAppTests.m */ = {isa = PBXFileReference; lastKnownFileType = sourcecode.c.objc; path = RfyTrialAppTests.m; sourceTree = "<group>"; };
/* End PBXFileReference section */

/* Begin PBXFrameworksBuildPhase section */
		0583738C19C0DF4000401ED0 /* Frameworks */ = {
			isa = PBXFrameworksBuildPhase;
			buildActionMask = 2147483647;
			files = (
				0583739519C0DF4000401ED0 /* CoreGraphics.framework in Frameworks */,
				0583739719C0DF4000401ED0 /* UIKit.framework in Frameworks */,
				0583739319C0DF4000401ED0 /* Foundation.framework in Frameworks */,
			);
			runOnlyForDeploymentPostprocessing = 0;
		};
		058373B019C0DF4000401ED0 /* Frameworks */ = {
			isa = PBXFrameworksBuildPhase;
			buildActionMask = 2147483647;
			files = (
				058373B519C0DF4000401ED0 /* XCTest.framework in Frameworks */,
				058373B719C0DF4000401ED0 /* UIKit.framework in Frameworks */,
				058373B619C0DF4000401ED0 /* Foundation.framework in Frameworks */,
			);
			runOnlyForDeploymentPostprocessing = 0;
		};
/* End PBXFrameworksBuildPhase section */

/* Begin PBXGroup section */
		0548DE8E19C0E07E00DC2523 /* TWTSideMenuViewController */ = {
			isa = PBXGroup;
			children = (
				0548DE8F19C0E07E00DC2523 /* TWTSideMenuViewController.h */,
				0548DE9019C0E07E00DC2523 /* TWTSideMenuViewController.m */,
			);
			path = TWTSideMenuViewController;
			sourceTree = "<group>";
		};
		0548DE9519C0E88A00DC2523 /* JSONModel */ = {
			isa = PBXGroup;
			children = (
				0548DE9619C0E88A00DC2523 /* JSONModel */,
				0548DE9F19C0E88A00DC2523 /* JSONModelCategories */,
				0548DEA219C0E88A00DC2523 /* JSONModelLib.h */,
				0548DEA319C0E88A00DC2523 /* JSONModelNetworking */,
				0548DEAA19C0E88A00DC2523 /* JSONModelTransformations */,
			);
			path = JSONModel;
			sourceTree = "<group>";
		};
		0548DE9619C0E88A00DC2523 /* JSONModel */ = {
			isa = PBXGroup;
			children = (
				0548DE9719C0E88A00DC2523 /* JSONModel.h */,
				0548DE9819C0E88A00DC2523 /* JSONModel.m */,
				0548DE9919C0E88A00DC2523 /* JSONModelArray.h */,
				0548DE9A19C0E88A00DC2523 /* JSONModelArray.m */,
				0548DE9B19C0E88A00DC2523 /* JSONModelClassProperty.h */,
				0548DE9C19C0E88A00DC2523 /* JSONModelClassProperty.m */,
				0548DE9D19C0E88A00DC2523 /* JSONModelError.h */,
				0548DE9E19C0E88A00DC2523 /* JSONModelError.m */,
			);
			path = JSONModel;
			sourceTree = "<group>";
		};
		0548DE9F19C0E88A00DC2523 /* JSONModelCategories */ = {
			isa = PBXGroup;
			children = (
				0548DEA019C0E88A00DC2523 /* NSArray+JSONModel.h */,
				0548DEA119C0E88A00DC2523 /* NSArray+JSONModel.m */,
			);
			path = JSONModelCategories;
			sourceTree = "<group>";
		};
		0548DEA319C0E88A00DC2523 /* JSONModelNetworking */ = {
			isa = PBXGroup;
			children = (
				0548DEA419C0E88A00DC2523 /* JSONAPI.h */,
				0548DEA519C0E88A00DC2523 /* JSONAPI.m */,
				0548DEA619C0E88A00DC2523 /* JSONHTTPClient.h */,
				0548DEA719C0E88A00DC2523 /* JSONHTTPClient.m */,
				0548DEA819C0E88A00DC2523 /* JSONModel+networking.h */,
				0548DEA919C0E88A00DC2523 /* JSONModel+networking.m */,
			);
			path = JSONModelNetworking;
			sourceTree = "<group>";
		};
		0548DEAA19C0E88A00DC2523 /* JSONModelTransformations */ = {
			isa = PBXGroup;
			children = (
				0548DEAB19C0E88A00DC2523 /* JSONKeyMapper.h */,
				0548DEAC19C0E88A00DC2523 /* JSONKeyMapper.m */,
				0548DEAD19C0E88A00DC2523 /* JSONValueTransformer.h */,
				0548DEAE19C0E88A00DC2523 /* JSONValueTransformer.m */,
			);
			path = JSONModelTransformations;
			sourceTree = "<group>";
		};
		0548DEB919C0E8CD00DC2523 /* Models */ = {
			isa = PBXGroup;
			children = (
				0548DE9219C0E73100DC2523 /* Contact.h */,
				0548DEC819C0EEFE00DC2523 /* Contact.m */,
			);
			name = Models;
			sourceTree = "<group>";
		};
		0548DEBB19C0EDB400DC2523 /* HUD */ = {
			isa = PBXGroup;
			children = (
				0548DEBC19C0EDB400DC2523 /* btnCheck.png */,
				0548DEBD19C0EDB400DC2523 /* btnCheck@2x.png */,
				0548DEBE19C0EDB400DC2523 /* HUD.h */,
				0548DEBF19C0EDB400DC2523 /* HUD.m */,
				0548DEC019C0EDB400DC2523 /* MBProgressHUD.h */,
				0548DEC119C0EDB400DC2523 /* MBProgressHUD.m */,
			);
			path = HUD;
			sourceTree = "<group>";
		};
		0583738619C0DF4000401ED0 = {
			isa = PBXGroup;
			children = (
				0548DEBB19C0EDB400DC2523 /* HUD */,
				0548DE9519C0E88A00DC2523 /* JSONModel */,
				0548DE8E19C0E07E00DC2523 /* TWTSideMenuViewController */,
				0583739819C0DF4000401ED0 /* RfyTrialApp */,
				058373BA19C0DF4000401ED0 /* RfyTrialAppTests */,
				0583739119C0DF4000401ED0 /* Frameworks */,
				0583739019C0DF4000401ED0 /* Products */,
			);
			sourceTree = "<group>";
		};
		0583739019C0DF4000401ED0 /* Products */ = {
			isa = PBXGroup;
			children = (
				0583738F19C0DF4000401ED0 /* RfyTrialApp.app */,
				058373B319C0DF4000401ED0 /* RfyTrialAppTests.xctest */,
			);
			name = Products;
			sourceTree = "<group>";
		};
		0583739119C0DF4000401ED0 /* Frameworks */ = {
			isa = PBXGroup;
			children = (
				0583739219C0DF4000401ED0 /* Foundation.framework */,
				0583739419C0DF4000401ED0 /* CoreGraphics.framework */,
				0583739619C0DF4000401ED0 /* UIKit.framework */,
				058373B419C0DF4000401ED0 /* XCTest.framework */,
			);
			name = Frameworks;
			sourceTree = "<group>";
		};
		0583739819C0DF4000401ED0 /* RfyTrialApp */ = {
			isa = PBXGroup;
			children = (
				056D60C819D1286D003252C2 /* RFYCustomUnwindSegue.h */,
				056D60C619D12807003252C2 /* RFYCustomUnwindSegue.m */,
				056D60C519D0FFD4003252C2 /* RFYCustomSegue.h */,
				056D60C319D0FF9F003252C2 /* RFYCustomSegue.m */,
				058373A419C0DF4000401ED0 /* Main.storyboard */,
				058373A719C0DF4000401ED0 /* RFYMasterViewController.h */,
				058373A819C0DF4000401ED0 /* RFYMasterViewController.m */,
				0548DEB919C0E8CD00DC2523 /* Models */,
				058373AA19C0DF4000401ED0 /* RFYDetailViewController.h */,
				058373AB19C0DF4000401ED0 /* RFYDetailViewController.m */,
				058373AD19C0DF4000401ED0 /* Images.xcassets */,
				0583739919C0DF4000401ED0 /* Supporting Files */,
			);
			path = RfyTrialApp;
			sourceTree = "<group>";
		};
		0583739919C0DF4000401ED0 /* Supporting Files */ = {
			isa = PBXGroup;
			children = (
				058373A119C0DF4000401ED0 /* RFYAppDelegate.h */,
				058373A219C0DF4000401ED0 /* RFYAppDelegate.m */,
				0583739A19C0DF4000401ED0 /* RfyTrialApp-Info.plist */,
				0583739B19C0DF4000401ED0 /* InfoPlist.strings */,
				0583739E19C0DF4000401ED0 /* main.m */,
				058373A019C0DF4000401ED0 /* RfyTrialApp-Prefix.pch */,
			);
			name = "Supporting Files";
			sourceTree = "<group>";
		};
		058373BA19C0DF4000401ED0 /* RfyTrialAppTests */ = {
			isa = PBXGroup;
			children = (
				058373C019C0DF4000401ED0 /* RfyTrialAppTests.m */,
				058373BB19C0DF4000401ED0 /* Supporting Files */,
			);
			path = RfyTrialAppTests;
			sourceTree = "<group>";
		};
		058373BB19C0DF4000401ED0 /* Supporting Files */ = {
			isa = PBXGroup;
			children = (
				058373BC19C0DF4000401ED0 /* RfyTrialAppTests-Info.plist */,
				058373BD19C0DF4000401ED0 /* InfoPlist.strings */,
			);
			name = "Supporting Files";
			sourceTree = "<group>";
		};
/* End PBXGroup section */

/* Begin PBXNativeTarget section */
		0583738E19C0DF4000401ED0 /* RfyTrialApp */ = {
			isa = PBXNativeTarget;
			buildConfigurationList = 058373C419C0DF4000401ED0 /* Build configuration list for PBXNativeTarget "RfyTrialApp" */;
			buildPhases = (
				0583738B19C0DF4000401ED0 /* Sources */,
				0583738C19C0DF4000401ED0 /* Frameworks */,
				0583738D19C0DF4000401ED0 /* Resources */,
			);
			buildRules = (
			);
			dependencies = (
			);
			name = RfyTrialApp;
			productName = RfyTrialApp;
			productReference = 0583738F19C0DF4000401ED0 /* RfyTrialApp.app */;
			productType = "com.apple.product-type.application";
		};
		058373B219C0DF4000401ED0 /* RfyTrialAppTests */ = {
			isa = PBXNativeTarget;
			buildConfigurationList = 058373C719C0DF4000401ED0 /* Build configuration list for PBXNativeTarget "RfyTrialAppTests" */;
			buildPhases = (
				058373AF19C0DF4000401ED0 /* Sources */,
				058373B019C0DF4000401ED0 /* Frameworks */,
				058373B119C0DF4000401ED0 /* Resources */,
			);
			buildRules = (
			);
			dependencies = (
				058373B919C0DF4000401ED0 /* PBXTargetDependency */,
			);
			name = RfyTrialAppTests;
			productName = RfyTrialAppTests;
			productReference = 058373B319C0DF4000401ED0 /* RfyTrialAppTests.xctest */;
			productType = "com.apple.product-type.bundle.unit-test";
		};
/* End PBXNativeTarget section */

/* Begin PBXProject section */
		0583738719C0DF4000401ED0 /* Project object */ = {
			isa = PBXProject;
			attributes = {
				CLASSPREFIX = RFY;
				LastUpgradeCheck = 0510;
				ORGANIZATIONNAME = "Maneesh Raswan";
				TargetAttributes = {
					058373B219C0DF4000401ED0 = {
						TestTargetID = 0583738E19C0DF4000401ED0;
					};
				};
			};
			buildConfigurationList = 0583738A19C0DF4000401ED0 /* Build configuration list for PBXProject "RfyTrialApp" */;
			compatibilityVersion = "Xcode 3.2";
			developmentRegion = English;
			hasScannedForEncodings = 0;
			knownRegions = (
				en,
				Base,
			);
			mainGroup = 0583738619C0DF4000401ED0;
			productRefGroup = 0583739019C0DF4000401ED0 /* Products */;
			projectDirPath = "";
			projectRoot = "";
			targets = (
				0583738E19C0DF4000401ED0 /* RfyTrialApp */,
				058373B219C0DF4000401ED0 /* RfyTrialAppTests */,
			);
		};
/* End PBXProject section */

/* Begin PBXResourcesBuildPhase section */
		0583738D19C0DF4000401ED0 /* Resources */ = {
			isa = PBXResourcesBuildPhase;
			buildActionMask = 2147483647;
			files = (
				0548DEC319C0EDB400DC2523 /* btnCheck@2x.png in Resources */,
				058373AE19C0DF4000401ED0 /* Images.xcassets in Resources */,
				0548DEC219C0EDB400DC2523 /* btnCheck.png in Resources */,
				0583739D19C0DF4000401ED0 /* InfoPlist.strings in Resources */,
				058373A619C0DF4000401ED0 /* Main.storyboard in Resources */,
			);
			runOnlyForDeploymentPostprocessing = 0;
		};
		058373B119C0DF4000401ED0 /* Resources */ = {
			isa = PBXResourcesBuildPhase;
			buildActionMask = 2147483647;
			files = (
				058373BF19C0DF4000401ED0 /* InfoPlist.strings in Resources */,
			);
			runOnlyForDeploymentPostprocessing = 0;
		};
/* End PBXResourcesBuildPhase section */

/* Begin PBXSourcesBuildPhase section */
		0583738B19C0DF4000401ED0 /* Sources */ = {
			isa = PBXSourcesBuildPhase;
			buildActionMask = 2147483647;
			files = (
				0548DEAF19C0E88A00DC2523 /* JSONModel.m in Sources */,
				0548DEC419C0EDB400DC2523 /* HUD.m in Sources */,
				058373A319C0DF4000401ED0 /* RFYAppDelegate.m in Sources */,
				0548DEB119C0E88A00DC2523 /* JSONModelClassProperty.m in Sources */,
				0548DE9119C0E07E00DC2523 /* TWTSideMenuViewController.m in Sources */,
				0583739F19C0DF4000401ED0 /* main.m in Sources */,
				0548DEB619C0E88A00DC2523 /* JSONModel+networking.m in Sources */,
				056D60C419D0FF9F003252C2 /* RFYCustomSegue.m in Sources */,
				0548DEC519C0EDB400DC2523 /* MBProgressHUD.m in Sources */,
				058373A919C0DF4000401ED0 /* RFYMasterViewController.m in Sources */,
				0548DEB019C0E88A00DC2523 /* JSONModelArray.m in Sources */,
				056D60C719D12807003252C2 /* RFYCustomUnwindSegue.m in Sources */,
				0548DEB519C0E88A00DC2523 /* JSONHTTPClient.m in Sources */,
				0548DEB719C0E88A00DC2523 /* JSONKeyMapper.m in Sources */,
				0548DEB319C0E88A00DC2523 /* NSArray+JSONModel.m in Sources */,
				0548DEB819C0E88A00DC2523 /* JSONValueTransformer.m in Sources */,
				0548DEB419C0E88A00DC2523 /* JSONAPI.m in Sources */,
				0548DEB219C0E88A00DC2523 /* JSONModelError.m in Sources */,
				058373AC19C0DF4000401ED0 /* RFYDetailViewController.m in Sources */,
				0548DEC919C0EEFE00DC2523 /* Contact.m in Sources */,
			);
			runOnlyForDeploymentPostprocessing = 0;
		};
		058373AF19C0DF4000401ED0 /* Sources */ = {
			isa = PBXSourcesBuildPhase;
			buildActionMask = 2147483647;
			files = (
				058373C119C0DF4000401ED0 /* RfyTrialAppTests.m in Sources */,
			);
			runOnlyForDeploymentPostprocessing = 0;
		};
/* End PBXSourcesBuildPhase section */

/* Begin PBXTargetDependency section */
		058373B919C0DF4000401ED0 /* PBXTargetDependency */ = {
			isa = PBXTargetDependency;
			target = 0583738E19C0DF4000401ED0 /* RfyTrialApp */;
			targetProxy = 058373B819C0DF4000401ED0 /* PBXContainerItemProxy */;
		};
/* End PBXTargetDependency section */

/* Begin PBXVariantGroup section */
		0583739B19C0DF4000401ED0 /* InfoPlist.strings */ = {
			isa = PBXVariantGroup;
			children = (
				0583739C19C0DF4000401ED0 /* en */,
			);
			name = InfoPlist.strings;
			sourceTree = "<group>";
		};
		058373A419C0DF4000401ED0 /* Main.storyboard */ = {
			isa = PBXVariantGroup;
			children = (
				058373A519C0DF4000401ED0 /* Base */,
			);
			name = Main.storyboard;
			sourceTree = "<group>";
		};
		058373BD19C0DF4000401ED0 /* InfoPlist.strings */ = {
			isa = PBXVariantGroup;
			children = (
				058373BE19C0DF4000401ED0 /* en */,
			);
			name = InfoPlist.strings;
			sourceTree = "<group>";
		};
/* End PBXVariantGroup section */

/* Begin XCBuildConfiguration section */
		058373C219C0DF4000401ED0 /* Debug */ = {
			isa = XCBuildConfiguration;
			buildSettings = {
				ALWAYS_SEARCH_USER_PATHS = NO;
				CLANG_CXX_LANGUAGE_STANDARD = "gnu++0x";
				CLANG_CXX_LIBRARY = "libc++";
				CLANG_ENABLE_MODULES = YES;
				CLANG_ENABLE_OBJC_ARC = YES;
				CLANG_WARN_BOOL_CONVERSION = YES;
				CLANG_WARN_CONSTANT_CONVERSION = YES;
				CLANG_WARN_DIRECT_OBJC_ISA_USAGE = YES_ERROR;
				CLANG_WARN_EMPTY_BODY = YES;
				CLANG_WARN_ENUM_CONVERSION = YES;
				CLANG_WARN_INT_CONVERSION = YES;
				CLANG_WARN_OBJC_ROOT_CLASS = YES_ERROR;
				CLANG_WARN__DUPLICATE_METHOD_MATCH = YES;
				"CODE_SIGN_IDENTITY[sdk=iphoneos*]" = "iPhone Developer";
				COPY_PHASE_STRIP = NO;
				GCC_C_LANGUAGE_STANDARD = gnu99;
				GCC_DYNAMIC_NO_PIC = NO;
				GCC_OPTIMIZATION_LEVEL = 0;
				GCC_PREPROCESSOR_DEFINITIONS = (
					"DEBUG=1",
					"$(inherited)",
				);
				GCC_SYMBOLS_PRIVATE_EXTERN = NO;
				GCC_WARN_64_TO_32_BIT_CONVERSION = YES;
				GCC_WARN_ABOUT_RETURN_TYPE = YES_ERROR;
				GCC_WARN_UNDECLARED_SELECTOR = YES;
				GCC_WARN_UNINITIALIZED_AUTOS = YES_AGGRESSIVE;
				GCC_WARN_UNUSED_FUNCTION = YES;
				GCC_WARN_UNUSED_VARIABLE = YES;
				IPHONEOS_DEPLOYMENT_TARGET = 7.1;
				ONLY_ACTIVE_ARCH = YES;
				SDKROOT = iphoneos;
			};
			name = Debug;
		};
		058373C319C0DF4000401ED0 /* Release */ = {
			isa = XCBuildConfiguration;
			buildSettings = {
				ALWAYS_SEARCH_USER_PATHS = NO;
				CLANG_CXX_LANGUAGE_STANDARD = "gnu++0x";
				CLANG_CXX_LIBRARY = "libc++";
				CLANG_ENABLE_MODULES = YES;
				CLANG_ENABLE_OBJC_ARC = YES;
				CLANG_WARN_BOOL_CONVERSION = YES;
				CLANG_WARN_CONSTANT_CONVERSION = YES;
				CLANG_WARN_DIRECT_OBJC_ISA_USAGE = YES_ERROR;
				CLANG_WARN_EMPTY_BODY = YES;
				CLANG_WARN_ENUM_CONVERSION = YES;
				CLANG_WARN_INT_CONVERSION = YES;
				CLANG_WARN_OBJC_ROOT_CLASS = YES_ERROR;
				CLANG_WARN__DUPLICATE_METHOD_MATCH = YES;
				"CODE_SIGN_IDENTITY[sdk=iphoneos*]" = "iPhone Developer";
				COPY_PHASE_STRIP = YES;
				ENABLE_NS_ASSERTIONS = NO;
				GCC_C_LANGUAGE_STANDARD = gnu99;
				GCC_WARN_64_TO_32_BIT_CONVERSION = YES;
				GCC_WARN_ABOUT_RETURN_TYPE = YES_ERROR;
				GCC_WARN_UNDECLARED_SELECTOR = YES;
				GCC_WARN_UNINITIALIZED_AUTOS = YES_AGGRESSIVE;
				GCC_WARN_UNUSED_FUNCTION = YES;
				GCC_WARN_UNUSED_VARIABLE = YES;
				IPHONEOS_DEPLOYMENT_TARGET = 7.1;
				SDKROOT = iphoneos;
				VALIDATE_PRODUCT = YES;
			};
			name = Release;
		};
		058373C519C0DF4000401ED0 /* Debug */ = {
			isa = XCBuildConfiguration;
			buildSettings = {
				ASSETCATALOG_COMPILER_APPICON_NAME = AppIcon;
				ASSETCATALOG_COMPILER_LAUNCHIMAGE_NAME = LaunchImage;
				GCC_PRECOMPILE_PREFIX_HEADER = YES;
				GCC_PREFIX_HEADER = "RfyTrialApp/RfyTrialApp-Prefix.pch";
				INFOPLIST_FILE = "RfyTrialApp/RfyTrialApp-Info.plist";
				PRODUCT_NAME = "$(TARGET_NAME)";
				WRAPPER_EXTENSION = app;
			};
			name = Debug;
		};
		058373C619C0DF4000401ED0 /* Release */ = {
			isa = XCBuildConfiguration;
			buildSettings = {
				ASSETCATALOG_COMPILER_APPICON_NAME = AppIcon;
				ASSETCATALOG_COMPILER_LAUNCHIMAGE_NAME = LaunchImage;
				GCC_PRECOMPILE_PREFIX_HEADER = YES;
				GCC_PREFIX_HEADER = "RfyTrialApp/RfyTrialApp-Prefix.pch";
				INFOPLIST_FILE = "RfyTrialApp/RfyTrialApp-Info.plist";
				PRODUCT_NAME = "$(TARGET_NAME)";
				WRAPPER_EXTENSION = app;
			};
			name = Release;
		};
		058373C819C0DF4000401ED0 /* Debug */ = {
			isa = XCBuildConfiguration;
			buildSettings = {
				BUNDLE_LOADER = "$(BUILT_PRODUCTS_DIR)/RfyTrialApp.app/RfyTrialApp";
				FRAMEWORK_SEARCH_PATHS = (
					"$(SDKROOT)/Developer/Library/Frameworks",
					"$(inherited)",
					"$(DEVELOPER_FRAMEWORKS_DIR)",
				);
				GCC_PRECOMPILE_PREFIX_HEADER = YES;
				GCC_PREFIX_HEADER = "RfyTrialApp/RfyTrialApp-Prefix.pch";
				GCC_PREPROCESSOR_DEFINITIONS = (
					"DEBUG=1",
					"$(inherited)",
				);
				INFOPLIST_FILE = "RfyTrialAppTests/RfyTrialAppTests-Info.plist";
				PRODUCT_NAME = "$(TARGET_NAME)";
				TEST_HOST = "$(BUNDLE_LOADER)";
				WRAPPER_EXTENSION = xctest;
			};
			name = Debug;
		};
		058373C919C0DF4000401ED0 /* Release */ = {
			isa = XCBuildConfiguration;
			buildSettings = {
				BUNDLE_LOADER = "$(BUILT_PRODUCTS_DIR)/RfyTrialApp.app/RfyTrialApp";
				FRAMEWORK_SEARCH_PATHS = (
					"$(SDKROOT)/Developer/Library/Frameworks",
					"$(inherited)",
					"$(DEVELOPER_FRAMEWORKS_DIR)",
				);
				GCC_PRECOMPILE_PREFIX_HEADER = YES;
				GCC_PREFIX_HEADER = "RfyTrialApp/RfyTrialApp-Prefix.pch";
				INFOPLIST_FILE = "RfyTrialAppTests/RfyTrialAppTests-Info.plist";
				PRODUCT_NAME = "$(TARGET_NAME)";
				TEST_HOST = "$(BUNDLE_LOADER)";
				WRAPPER_EXTENSION = xctest;
			};
			name = Release;
		};
/* End XCBuildConfiguration section */

/* Begin XCConfigurationList section */
		0583738A19C0DF4000401ED0 /* Build configuration list for PBXProject "RfyTrialApp" */ = {
			isa = XCConfigurationList;
			buildConfigurations = (
				058373C219C0DF4000401ED0 /* Debug */,
				058373C319C0DF4000401ED0 /* Release */,
			);
			defaultConfigurationIsVisible = 0;
			defaultConfigurationName = Release;
		};
		058373C419C0DF4000401ED0 /* Build configuration list for PBXNativeTarget "RfyTrialApp" */ = {
			isa = XCConfigurationList;
			buildConfigurations = (
				058373C519C0DF4000401ED0 /* Debug */,
				058373C619C0DF4000401ED0 /* Release */,
			);
			defaultConfigurationIsVisible = 0;
			defaultConfigurationName = Release;
		};
		058373C719C0DF4000401ED0 /* Build configuration list for PBXNativeTarget "RfyTrialAppTests" */ = {
			isa = XCConfigurationList;
			buildConfigurations = (
				058373C819C0DF4000401ED0 /* Debug */,
				058373C919C0DF4000401ED0 /* Release */,
			);
			defaultConfigurationIsVisible = 0;
			defaultConfigurationName = Release;
		};
/* End XCConfigurationList section */
	};
	rootObject = 0583738719C0DF4000401ED0 /* Project object */;
}
